
Microsoft Visual Studio Solution File, Format Version 12.00
# Visual Studio Version 17
VisualStudioVersion = 17.3.32929.385
MinimumVisualStudioVersion = 10.0.40219.1
Project("{FAE04EC0-301F-11D3-BF4B-00C04F79EFBC}") = "SendMail", "SendMail.csproj", "{045A1AF3-4EA1-45CD-9AC2-0176AE6A8ED8}"
EndProject
Global
	GlobalSection(SolutionConfigurationPlatforms) = preSolution
		Debug|Any CPU = Debug|Any CPU
		Release|Any CPU = Release|Any CPU
	EndGlobalSection
	GlobalSection(ProjectConfigurationPlatforms) = postSolution
		{045A1AF3-4EA1-45CD-9AC2-0176AE6A8ED8}.Debug|Any CPU.ActiveCfg = Debug|Any CPU
		{045A1AF3-4EA1-45CD-9AC2-0176AE6A8ED8}.Debug|Any CPU.Build.0 = Debug|Any CPU
		{045A1AF3-4EA1-45CD-9AC2-0176AE6A8ED8}.Release|Any CPU.ActiveCfg = Release|Any CPU
		{045A1AF3-4EA1-45CD-9AC2-0176AE6A8ED8}.Release|Any CPU.Build.0 = Release|Any CPU
	EndGlobalSection
	GlobalSection(SolutionProperties) = preSolution
		HideSolutionNode = FALSE
	EndGlobalSection
	GlobalSection(ExtensibilityGlobals) = postSolution
		SolutionGuid = {57A991C2-0225-4913-9B19-9B541ACB103E}
	EndGlobalSection
EndGlobal
